
Microsoft Visual Studio Solution File, Format Version 12.00
Project("{FAE04EC0-301F-11D3-BF4B-00C04F79EFBC}") = "Kata1", "Kata1\Kata1.csproj", "{598A4540-B75E-4646-9B73-22C563B002FB}"
EndProject
Global
	GlobalSection(SolutionConfigurationPlatforms) = preSolution
		Debug|Any CPU = Debug|Any CPU
		Release|Any CPU = Release|Any CPU
	EndGlobalSection
	GlobalSection(ProjectConfigurationPlatforms) = postSolution
		{598A4540-B75E-4646-9B73-22C563B002FB}.Debug|Any CPU.ActiveCfg = Debug|Any CPU
		{598A4540-B75E-4646-9B73-22C563B002FB}.Debug|Any CPU.Build.0 = Debug|Any CPU
		{598A4540-B75E-4646-9B73-22C563B002FB}.Release|Any CPU.ActiveCfg = Release|Any CPU
		{598A4540-B75E-4646-9B73-22C563B002FB}.Release|Any CPU.Build.0 = Release|Any CPU
	EndGlobalSection
EndGlobal
